Microsoft Visual Studio Solution File, Format Version 12.00
# Visual Studio 14
VisualStudioVersion = 14.0.25420.1
MinimumVisualStudioVersion = 10.0.40219.1
Project("{8BC9CEB8-8B4A-11D0-8D11-00A0C91BC942}") = "ALL_BUILD", "ALL_BUILD.vcxproj", "{C2A07A4C-849E-306B-933C-6CEB12B28E7D}"
	ProjectSection(ProjectDependencies) = postProject
		{557892D0-FE98-3FAC-9D76-6011B756FE62} = {557892D0-FE98-3FAC-9D76-6011B756FE62}
		{7F71F438-CFE9-361D-9D1D-392BDD774AC9} = {7F71F438-CFE9-361D-9D1D-392BDD774AC9}
	EndProjectSection
EndProject
Project("{8BC9CEB8-8B4A-11D0-8D11-00A0C91BC942}") = "INSTALL", "INSTALL.vcxproj", "{11D960B2-766F-383E-969D-4F137D13EF6F}"
	ProjectSection(ProjectDependencies) = postProject
		{C2A07A4C-849E-306B-933C-6CEB12B28E7D} = {C2A07A4C-849E-306B-933C-6CEB12B28E7D}
		{7F71F438-CFE9-361D-9D1D-392BDD774AC9} = {7F71F438-CFE9-361D-9D1D-392BDD774AC9}
	EndProjectSection
EndProject
Project("{8BC9CEB8-8B4A-11D0-8D11-00A0C91BC942}") = "PIMETextService", "PIMETextService.vcxproj", "{557892D0-FE98-3FAC-9D76-6011B756FE62}"
	ProjectSection(ProjectDependencies) = postProject
		{7F71F438-CFE9-361D-9D1D-392BDD774AC9} = {7F71F438-CFE9-361D-9D1D-392BDD774AC9}
		{6E31ED16-9EC0-334B-A3C9-C3D53FD4BDF9} = {6E31ED16-9EC0-334B-A3C9-C3D53FD4BDF9}
		{351A4695-CC00-31ED-91FA-8CF71CB26622} = {351A4695-CC00-31ED-91FA-8CF71CB26622}
	EndProjectSection
EndProject
Project("{8BC9CEB8-8B4A-11D0-8D11-00A0C91BC942}") = "ZERO_CHECK", "..\ZERO_CHECK.vcxproj", "{7F71F438-CFE9-361D-9D1D-392BDD774AC9}"
EndProject
Project("{8BC9CEB8-8B4A-11D0-8D11-00A0C91BC942}") = "jsoncpp_lib_static", "..\jsoncpp\src\lib_json\jsoncpp_lib_static.vcxproj", "{6E31ED16-9EC0-334B-A3C9-C3D53FD4BDF9}"
	ProjectSection(ProjectDependencies) = postProject
		{7F71F438-CFE9-361D-9D1D-392BDD774AC9} = {7F71F438-CFE9-361D-9D1D-392BDD774AC9}
	EndProjectSection
EndProject
Project("{8BC9CEB8-8B4A-11D0-8D11-00A0C91BC942}") = "libIME_static", "..\libIME\libIME_static.vcxproj", "{351A4695-CC00-31ED-91FA-8CF71CB26622}"
	ProjectSection(ProjectDependencies) = postProject
		{7F71F438-CFE9-361D-9D1D-392BDD774AC9} = {7F71F438-CFE9-361D-9D1D-392BDD774AC9}
	EndProjectSection
EndProject
Global
	GlobalSection(SolutionConfigurationPlatforms) = preSolution
		Debug|Win32 = Debug|Win32
		Debug|x64 = Debug|x64
		Debug|x86 = Debug|x86
		MinSizeRel|Win32 = MinSizeRel|Win32
		MinSizeRel|x64 = MinSizeRel|x64
		MinSizeRel|x86 = MinSizeRel|x86
		Release|Win32 = Release|Win32
		Release|x64 = Release|x64
		Release|x86 = Release|x86
		RelWithDebInfo|Win32 = RelWithDebInfo|Win32
		RelWithDebInfo|x64 = RelWithDebInfo|x64
		RelWithDebInfo|x86 = RelWithDebInfo|x86
	EndGlobalSection
	GlobalSection(ProjectConfigurationPlatforms) = postSolution
		{C2A07A4C-849E-306B-933C-6CEB12B28E7D}.Debug|Win32.ActiveCfg = Debug|Win32
		{C2A07A4C-849E-306B-933C-6CEB12B28E7D}.Debug|Win32.Build.0 = Debug|Win32
		{C2A07A4C-849E-306B-933C-6CEB12B28E7D}.Debug|x64.ActiveCfg = Debug|x64
		{C2A07A4C-849E-306B-933C-6CEB12B28E7D}.Debug|x64.Build.0 = Debug|x64
		{C2A07A4C-849E-306B-933C-6CEB12B28E7D}.Debug|x86.ActiveCfg = Debug|Win32
		{C2A07A4C-849E-306B-933C-6CEB12B28E7D}.Debug|x86.Build.0 = Debug|Win32
		{C2A07A4C-849E-306B-933C-6CEB12B28E7D}.MinSizeRel|Win32.ActiveCfg = MinSizeRel|Win32
		{C2A07A4C-849E-306B-933C-6CEB12B28E7D}.MinSizeRel|Win32.Build.0 = MinSizeRel|Win32
		{C2A07A4C-849E-306B-933C-6CEB12B28E7D}.MinSizeRel|x64.ActiveCfg = MinSizeRel|x64
		{C2A07A4C-849E-306B-933C-6CEB12B28E7D}.MinSizeRel|x64.Build.0 = MinSizeRel|x64
		{C2A07A4C-849E-306B-933C-6CEB12B28E7D}.MinSizeRel|x86.ActiveCfg = MinSizeRel|Win32
		{C2A07A4C-849E-306B-933C-6CEB12B28E7D}.MinSizeRel|x86.Build.0 = MinSizeRel|Win32
		{C2A07A4C-849E-306B-933C-6CEB12B28E7D}.Release|Win32.ActiveCfg = Release|Win32
		{C2A07A4C-849E-306B-933C-6CEB12B28E7D}.Release|Win32.Build.0 = Release|Win32
		{C2A07A4C-849E-306B-933C-6CEB12B28E7D}.Release|x64.ActiveCfg = Release|x64
		{C2A07A4C-849E-306B-933C-6CEB12B28E7D}.Release|x64.Build.0 = Release|x64
		{C2A07A4C-849E-306B-933C-6CEB12B28E7D}.Release|x86.ActiveCfg = Release|Win32
		{C2A07A4C-849E-306B-933C-6CEB12B28E7D}.Release|x86.Build.0 = Release|Win32
		{C2A07A4C-849E-306B-933C-6CEB12B28E7D}.RelWithDebInfo|Win32.ActiveCfg = RelWithDebInfo|Win32
		{C2A07A4C-849E-306B-933C-6CEB12B28E7D}.RelWithDebInfo|Win32.Build.0 = RelWithDebInfo|Win32
		{C2A07A4C-849E-306B-933C-6CEB12B28E7D}.RelWithDebInfo|x64.ActiveCfg = RelWithDebInfo|x64
		{C2A07A4C-849E-306B-933C-6CEB12B28E7D}.RelWithDebInfo|x64.Build.0 = RelWithDebInfo|x64
		{C2A07A4C-849E-306B-933C-6CEB12B28E7D}.RelWithDebInfo|x86.ActiveCfg = RelWithDebInfo|Win32
		{C2A07A4C-849E-306B-933C-6CEB12B28E7D}.RelWithDebInfo|x86.Build.0 = RelWithDebInfo|Win32
		{11D960B2-766F-383E-969D-4F137D13EF6F}.Debug|Win32.ActiveCfg = Debug|x64
		{11D960B2-766F-383E-969D-4F137D13EF6F}.Debug|x64.ActiveCfg = Debug|x64
		{11D960B2-766F-383E-969D-4F137D13EF6F}.Debug|x86.ActiveCfg = Debug|x64
		{11D960B2-766F-383E-969D-4F137D13EF6F}.MinSizeRel|Win32.ActiveCfg = MinSizeRel|x64
		{11D960B2-766F-383E-969D-4F137D13EF6F}.MinSizeRel|x64.ActiveCfg = MinSizeRel|x64
		{11D960B2-766F-383E-969D-4F137D13EF6F}.MinSizeRel|x86.ActiveCfg = MinSizeRel|x64
		{11D960B2-766F-383E-969D-4F137D13EF6F}.Release|Win32.ActiveCfg = Release|x64
		{11D960B2-766F-383E-969D-4F137D13EF6F}.Release|x64.ActiveCfg = Release|x64
		{11D960B2-766F-383E-969D-4F137D13EF6F}.Release|x86.ActiveCfg = Release|x64
		{11D960B2-766F-383E-969D-4F137D13EF6F}.RelWithDebInfo|Win32.ActiveCfg = RelWithDebInfo|x64
		{11D960B2-766F-383E-969D-4F137D13EF6F}.RelWithDebInfo|x64.ActiveCfg = RelWithDebInfo|x64
		{11D960B2-766F-383E-969D-4F137D13EF6F}.RelWithDebInfo|x86.ActiveCfg = RelWithDebInfo|x64
		{557892D0-FE98-3FAC-9D76-6011B756FE62}.Debug|Win32.ActiveCfg = Debug|x64
		{557892D0-FE98-3FAC-9D76-6011B756FE62}.Debug|x64.ActiveCfg = Debug|x64
		{557892D0-FE98-3FAC-9D76-6011B756FE62}.Debug|x64.Build.0 = Debug|x64
		{557892D0-FE98-3FAC-9D76-6011B756FE62}.Debug|x86.ActiveCfg = Debug|x64
		{557892D0-FE98-3FAC-9D76-6011B756FE62}.MinSizeRel|Win32.ActiveCfg = MinSizeRel|x64
		{557892D0-FE98-3FAC-9D76-6011B756FE62}.MinSizeRel|x64.ActiveCfg = MinSizeRel|x64
		{557892D0-FE98-3FAC-9D76-6011B756FE62}.MinSizeRel|x64.Build.0 = MinSizeRel|x64
		{557892D0-FE98-3FAC-9D76-6011B756FE62}.MinSizeRel|x86.ActiveCfg = MinSizeRel|x64
		{557892D0-FE98-3FAC-9D76-6011B756FE62}.Release|Win32.ActiveCfg = Release|x64
		{557892D0-FE98-3FAC-9D76-6011B756FE62}.Release|x64.ActiveCfg = Release|x64
		{557892D0-FE98-3FAC-9D76-6011B756FE62}.Release|x64.Build.0 = Release|x64
		{557892D0-FE98-3FAC-9D76-6011B756FE62}.Release|x86.ActiveCfg = Release|x64
		{557892D0-FE98-3FAC-9D76-6011B756FE62}.RelWithDebInfo|Win32.ActiveCfg = RelWithDebInfo|x64
		{557892D0-FE98-3FAC-9D76-6011B756FE62}.RelWithDebInfo|x64.ActiveCfg = RelWithDebInfo|x64
		{557892D0-FE98-3FAC-9D76-6011B756FE62}.RelWithDebInfo|x64.Build.0 = RelWithDebInfo|x64
		{557892D0-FE98-3FAC-9D76-6011B756FE62}.RelWithDebInfo|x86.ActiveCfg = RelWithDebInfo|x64
		{7F71F438-CFE9-361D-9D1D-392BDD774AC9}.Debug|Win32.ActiveCfg = Debug|x64
		{7F71F438-CFE9-361D-9D1D-392BDD774AC9}.Debug|x64.ActiveCfg = Debug|x64
		{7F71F438-CFE9-361D-9D1D-392BDD774AC9}.Debug|x64.Build.0 = Debug|x64
		{7F71F438-CFE9-361D-9D1D-392BDD774AC9}.Debug|x86.ActiveCfg = Debug|x64
		{7F71F438-CFE9-361D-9D1D-392BDD774AC9}.MinSizeRel|Win32.ActiveCfg = MinSizeRel|x64
		{7F71F438-CFE9-361D-9D1D-392BDD774AC9}.MinSizeRel|x64.ActiveCfg = MinSizeRel|x64
		{7F71F438-CFE9-361D-9D1D-392BDD774AC9}.MinSizeRel|x64.Build.0 = MinSizeRel|x64
		{7F71F438-CFE9-361D-9D1D-392BDD774AC9}.MinSizeRel|x86.ActiveCfg = MinSizeRel|x64
		{7F71F438-CFE9-361D-9D1D-392BDD774AC9}.Release|Win32.ActiveCfg = Release|x64
		{7F71F438-CFE9-361D-9D1D-392BDD774AC9}.Release|x64.ActiveCfg = Release|x64
		{7F71F438-CFE9-361D-9D1D-392BDD774AC9}.Release|x64.Build.0 = Release|x64
		{7F71F438-CFE9-361D-9D1D-392BDD774AC9}.Release|x86.ActiveCfg = Release|x64
		{7F71F438-CFE9-361D-9D1D-392BDD774AC9}.RelWithDebInfo|Win32.ActiveCfg = RelWithDebInfo|x64
		{7F71F438-CFE9-361D-9D1D-392BDD774AC9}.RelWithDebInfo|x64.ActiveCfg = RelWithDebInfo|x64
		{7F71F438-CFE9-361D-9D1D-392BDD774AC9}.RelWithDebInfo|x64.Build.0 = RelWithDebInfo|x64
		{7F71F438-CFE9-361D-9D1D-392BDD774AC9}.RelWithDebInfo|x86.ActiveCfg = RelWithDebInfo|x64
		{6E31ED16-9EC0-334B-A3C9-C3D53FD4BDF9}.Debug|Win32.ActiveCfg = Debug|x64
		{6E31ED16-9EC0-334B-A3C9-C3D53FD4BDF9}.Debug|x64.ActiveCfg = Debug|x64
		{6E31ED16-9EC0-334B-A3C9-C3D53FD4BDF9}.Debug|x64.Build.0 = Debug|x64
		{6E31ED16-9EC0-334B-A3C9-C3D53FD4BDF9}.Debug|x86.ActiveCfg = Debug|x64
		{6E31ED16-9EC0-334B-A3C9-C3D53FD4BDF9}.MinSizeRel|Win32.ActiveCfg = MinSizeRel|x64
		{6E31ED16-9EC0-334B-A3C9-C3D53FD4BDF9}.MinSizeRel|x64.ActiveCfg = MinSizeRel|x64
		{6E31ED16-9EC0-334B-A3C9-C3D53FD4BDF9}.MinSizeRel|x64.Build.0 = MinSizeRel|x64
		{6E31ED16-9EC0-334B-A3C9-C3D53FD4BDF9}.MinSizeRel|x86.ActiveCfg = MinSizeRel|x64
		{6E31ED16-9EC0-334B-A3C9-C3D53FD4BDF9}.Release|Win32.ActiveCfg = Release|x64
		{6E31ED16-9EC0-334B-A3C9-C3D53FD4BDF9}.Release|x64.ActiveCfg = Release|x64
		{6E31ED16-9EC0-334B-A3C9-C3D53FD4BDF9}.Release|x64.Build.0 = Release|x64
		{6E31ED16-9EC0-334B-A3C9-C3D53FD4BDF9}.Release|x86.ActiveCfg = Release|x64
		{6E31ED16-9EC0-334B-A3C9-C3D53FD4BDF9}.RelWithDebInfo|Win32.ActiveCfg = RelWithDebInfo|x64
		{6E31ED16-9EC0-334B-A3C9-C3D53FD4BDF9}.RelWithDebInfo|x64.ActiveCfg = RelWithDebInfo|x64
		{6E31ED16-9EC0-334B-A3C9-C3D53FD4BDF9}.RelWithDebInfo|x64.Build.0 = RelWithDebInfo|x64
		{6E31ED16-9EC0-334B-A3C9-C3D53FD4BDF9}.RelWithDebInfo|x86.ActiveCfg = RelWithDebInfo|x64
		{351A4695-CC00-31ED-91FA-8CF71CB26622}.Debug|Win32.ActiveCfg = Debug|x64
		{351A4695-CC00-31ED-91FA-8CF71CB26622}.Debug|x64.ActiveCfg = Debug|x64
		{351A4695-CC00-31ED-91FA-8CF71CB26622}.Debug|x64.Build.0 = Debug|x64
		{351A4695-CC00-31ED-91FA-8CF71CB26622}.Debug|x86.ActiveCfg = Debug|x64
		{351A4695-CC00-31ED-91FA-8CF71CB26622}.MinSizeRel|Win32.ActiveCfg = MinSizeRel|x64
		{351A4695-CC00-31ED-91FA-8CF71CB26622}.MinSizeRel|x64.ActiveCfg = MinSizeRel|x64
		{351A4695-CC00-31ED-91FA-8CF71CB26622}.MinSizeRel|x64.Build.0 = MinSizeRel|x64
		{351A4695-CC00-31ED-91FA-8CF71CB26622}.MinSizeRel|x86.ActiveCfg = MinSizeRel|x64
		{351A4695-CC00-31ED-91FA-8CF71CB26622}.Release|Win32.ActiveCfg = Release|x64
		{351A4695-CC00-31ED-91FA-8CF71CB26622}.Release|x64.ActiveCfg = Release|x64
		{351A4695-CC00-31ED-91FA-8CF71CB26622}.Release|x64.Build.0 = Release|x64
		{351A4695-CC00-31ED-91FA-8CF71CB26622}.Release|x86.ActiveCfg = Release|x64
		{351A4695-CC00-31ED-91FA-8CF71CB26622}.RelWithDebInfo|Win32.ActiveCfg = RelWithDebInfo|x64
		{351A4695-CC00-31ED-91FA-8CF71CB26622}.RelWithDebInfo|x64.ActiveCfg = RelWithDebInfo|x64
		{351A4695-CC00-31ED-91FA-8CF71CB26622}.RelWithDebInfo|x64.Build.0 = RelWithDebInfo|x64
		{351A4695-CC00-31ED-91FA-8CF71CB26622}.RelWithDebInfo|x86.ActiveCfg = RelWithDebInfo|x64
	EndGlobalSection
	GlobalSection(SolutionProperties) = preSolution
		HideSolutionNode = FALSE
	EndGlobalSection
EndGlobal
