
Microsoft Visual Studio Solution File, Format Version 11.00
# Visual C++ Express 2010
Project("{8BC9CEB8-8B4A-11D0-8D11-00A0C91BC942}") = "com.graphicsOfflineDrawingroom", "com.graphicsOfflineDrawingroom\com.graphicsOfflineDrawingroom.vcxproj", "{FD03EFA2-43B2-4759-80A4-C6FBC0F0B344}"
EndProject
Global
	GlobalSection(SolutionConfigurationPlatforms) = preSolution
		Debug|Win32 = Debug|Win32
		Release|Win32 = Release|Win32
	EndGlobalSection
	GlobalSection(ProjectConfigurationPlatforms) = postSolution
		{FD03EFA2-43B2-4759-80A4-C6FBC0F0B344}.Debug|Win32.ActiveCfg = Debug|Win32
		{FD03EFA2-43B2-4759-80A4-C6FBC0F0B344}.Debug|Win32.Build.0 = Debug|Win32
		{FD03EFA2-43B2-4759-80A4-C6FBC0F0B344}.Release|Win32.ActiveCfg = Release|Win32
		{FD03EFA2-43B2-4759-80A4-C6FBC0F0B344}.Release|Win32.Build.0 = Release|Win32
	EndGlobalSection
	GlobalSection(SolutionProperties) = preSolution
		HideSolutionNode = FALSE
	EndGlobalSection
EndGlobal
